
Microsoft Visual Studio Solution File, Format Version 12.00
# Visual Studio 15
VisualStudioVersion = 15.0.27130.2020
MinimumVisualStudioVersion = 10.0.40219.1
Project("{FAE04EC0-301F-11D3-BF4B-00C04F79EFBC}") = "WriteToFile", "WriteToFile\WriteToFile.csproj", "{5FCE34AA-9752-4A45-B337-8FD7F425EA3F}"
EndProject
Global
	GlobalSection(SolutionConfigurationPlatforms) = preSolution
		Debug|Any CPU = Debug|Any CPU
		Release|Any CPU = Release|Any CPU
	EndGlobalSection
	GlobalSection(ProjectConfigurationPlatforms) = postSolution
		{5FCE34AA-9752-4A45-B337-8FD7F425EA3F}.Debug|Any CPU.ActiveCfg = Debug|Any CPU
		{5FCE34AA-9752-4A45-B337-8FD7F425EA3F}.Debug|Any CPU.Build.0 = Debug|Any CPU
		{5FCE34AA-9752-4A45-B337-8FD7F425EA3F}.Release|Any CPU.ActiveCfg = Release|Any CPU
		{5FCE34AA-9752-4A45-B337-8FD7F425EA3F}.Release|Any CPU.Build.0 = Release|Any CPU
	EndGlobalSection
	GlobalSection(SolutionProperties) = preSolution
		HideSolutionNode = FALSE
	EndGlobalSection
	GlobalSection(ExtensibilityGlobals) = postSolution
		SolutionGuid = {FAF6372B-63AE-4EE2-8C94-8A325942DA67}
	EndGlobalSection
EndGlobal
